{
  "name": "cognito-triggers",
  "version": "1.0.0",
  "lockfileVersion": 2,
  "requires": true,
  "packages": {
    "": {
      "name": "cognito-triggers",
      "version": "1.0.0",
      "license": "ISC",
      "dependencies": {
        "crypto-secure-random-digit": "^1.0.9"
      },
      "devDependencies": {}
    },
    "node_modules/crypto-secure-random-digit": {
      "version": "1.0.10",
      "resolved": "https://registry.npmjs.org/crypto-secure-random-digit/-/crypto-secure-random-digit-1.0.10.tgz",
      "integrity": "sha512-s8lDlKys87l8++pXrY8SxX3Uu31lQrpQDlPRGmR4r3y3iRqQiXj9ejAF1TsCU4w38mIXR72D571ujqzT+rcpCA=="
    }
  },
  "dependencies": {
    "crypto-secure-random-digit": {
      "version": "1.0.10",
      "resolved": "https://registry.npmjs.org/crypto-secure-random-digit/-/crypto-secure-random-digit-1.0.10.tgz",
      "integrity": "sha512-s8lDlKys87l8++pXrY8SxX3Uu31lQrpQDlPRGmR4r3y3iRqQiXj9ejAF1TsCU4w38mIXR72D571ujqzT+rcpCA=="
    }
  }
}
